
Microsoft Visual Studio Solution File, Format Version 12.00
# Visual Studio Version 16
VisualStudioVersion = 16.0.29613.14
MinimumVisualStudioVersion = 10.0.40219.1
Project("{FAE04EC0-301F-11D3-BF4B-00C04F79EFBC}") = "WEB_PROYECTOS", "WEB_PROYECTOS\WEB_PROYECTOS.csproj", "{DE66F343-B12F-45DF-B39C-655107FCD93E}"
EndProject
Project("{FAE04EC0-301F-11D3-BF4B-00C04F79EFBC}") = "DATOS", "DATOS\DATOS.csproj", "{2CA19AA8-6205-41B5-B323-4FC4BFE0E92A}"
EndProject
Project("{FAE04EC0-301F-11D3-BF4B-00C04F79EFBC}") = "ENTIDAD", "ENTIDAD\ENTIDAD.csproj", "{F20F7548-3B39-4736-B3EE-D08836204C70}"
EndProject
Project("{FAE04EC0-301F-11D3-BF4B-00C04F79EFBC}") = "NEGOCIO", "NEGOCIO\NEGOCIO.csproj", "{9D5514F0-DE5C-4181-85C9-1BD9CC6706A8}"
EndProject
Global
	GlobalSection(SolutionConfigurationPlatforms) = preSolution
		Debug|Any CPU = Debug|Any CPU
		Release|Any CPU = Release|Any CPU
	EndGlobalSection
	GlobalSection(ProjectConfigurationPlatforms) = postSolution
		{DE66F343-B12F-45DF-B39C-655107FCD93E}.Debug|Any CPU.ActiveCfg = Debug|Any CPU
		{DE66F343-B12F-45DF-B39C-655107FCD93E}.Debug|Any CPU.Build.0 = Debug|Any CPU
		{DE66F343-B12F-45DF-B39C-655107FCD93E}.Release|Any CPU.ActiveCfg = Release|Any CPU
		{DE66F343-B12F-45DF-B39C-655107FCD93E}.Release|Any CPU.Build.0 = Release|Any CPU
		{2CA19AA8-6205-41B5-B323-4FC4BFE0E92A}.Debug|Any CPU.ActiveCfg = Debug|Any CPU
		{2CA19AA8-6205-41B5-B323-4FC4BFE0E92A}.Debug|Any CPU.Build.0 = Debug|Any CPU
		{2CA19AA8-6205-41B5-B323-4FC4BFE0E92A}.Release|Any CPU.ActiveCfg = Release|Any CPU
		{2CA19AA8-6205-41B5-B323-4FC4BFE0E92A}.Release|Any CPU.Build.0 = Release|Any CPU
		{F20F7548-3B39-4736-B3EE-D08836204C70}.Debug|Any CPU.ActiveCfg = Debug|Any CPU
		{F20F7548-3B39-4736-B3EE-D08836204C70}.Debug|Any CPU.Build.0 = Debug|Any CPU
		{F20F7548-3B39-4736-B3EE-D08836204C70}.Release|Any CPU.ActiveCfg = Release|Any CPU
		{F20F7548-3B39-4736-B3EE-D08836204C70}.Release|Any CPU.Build.0 = Release|Any CPU
		{9D5514F0-DE5C-4181-85C9-1BD9CC6706A8}.Debug|Any CPU.ActiveCfg = Debug|Any CPU
		{9D5514F0-DE5C-4181-85C9-1BD9CC6706A8}.Debug|Any CPU.Build.0 = Debug|Any CPU
		{9D5514F0-DE5C-4181-85C9-1BD9CC6706A8}.Release|Any CPU.ActiveCfg = Release|Any CPU
		{9D5514F0-DE5C-4181-85C9-1BD9CC6706A8}.Release|Any CPU.Build.0 = Release|Any CPU
	EndGlobalSection
	GlobalSection(SolutionProperties) = preSolution
		HideSolutionNode = FALSE
	EndGlobalSection
	GlobalSection(ExtensibilityGlobals) = postSolution
		SolutionGuid = {179F92B7-A039-4D31-9626-D1EB92CA743B}
	EndGlobalSection
EndGlobal
